version = 1
revision = 3
requires-python = ">=3.11"
resolution-markers = [
    "python_full_version >= '3.12'",
    "python_full_version < '3.12'",
]

[[package]]
name = "asgiref"
version = "3.11.1"
source = { registry = "https://pypi.org/simple" }
sdist = { url = "https://files.pythonhosted.org/packages/63/40/f03da1264ae8f7cfdbf9146542e5e7e8100a4c66ab48e791df9a03d3f6c0/asgiref-3.11.1.tar.gz", hash = "sha256:5f184dc43b7e763efe848065441eac62229c9f7b0475f41f80e207a114eda4ce", size = 38550, upload-time = "2026-02-03T13:30:14.33Z" }
wheels = [
    { url = "https://files.pythonhosted.org/packages/5c/0a/a72d10ed65068e115044937873362e6e32fab1b7dce0046aeb224682c989/asgiref-3.11.1-py3-none-any.whl", hash = "sha256:e8667a091e69529631969fd45dc268fa79b99c92c5fcdda727757e52146ec133", size = 24345, upload-time = "2026-02-03T13:30:13.039Z" },
]

[[package]]
name = "django"
version = "5.2.13"
source = { registry = "https://pypi.org/simple" }
resolution-markers = [
    "python_full_version < '3.12'",
]
dependencies = [
    { name = "asgiref", marker = "python_full_version < '3.12'" },
    { name = "sqlparse", marker = "python_full_version < '3.12'" },
    { name = "tzdata", marker = "python_full_version < '3.12' and sys_platform == 'win32'" },
]
sdist = { url = "https://files.pythonhosted.org/packages/1f/c5/c69e338eb2959f641045802e5ea87ca4bf5ac90c5fd08953ca10742fad51/django-5.2.13.tar.gz", hash = "sha256:a31589db5188d074c63f0945c3888fad104627dfcc236fb2b97f71f89da33bc4", size = 10890368, upload-time = "2026-04-07T14:02:15.072Z" }
wheels = [
    { url = "https://files.pythonhosted.org/packages/59/b1/51ab36b2eefcf8cdb9338c7188668a157e29e30306bfc98a379704c9e10d/django-5.2.13-py3-none-any.whl", hash = "sha256:5788fce61da23788a8ce6f02583765ab060d396720924789f97fa42119d37f7a", size = 8310982, upload-time = "2026-04-07T14:02:08.883Z" },
]

[[package]]
name = "django"
version = "6.0.4"
source = { registry = "https://pypi.org/simple" }
resolution-markers = [
    "python_full_version >= '3.12'",
]
dependencies = [
    { name = "asgiref", marker = "python_full_version >= '3.12'" },
    { name = "sqlparse", marker = "python_full_version >= '3.12'" },
    { name = "tzdata", marker = "python_full_version >= '3.12' and sys_platform == 'win32'" },
]
sdist = { url = "https://files.pythonhosted.org/packages/60/b9/4155091ad1788b38563bd77a7258c0834e8c12a7f56f6975deaf54f8b61d/django-6.0.4.tar.gz", hash = "sha256:8cfa2572b3f2768b2e84983cf3c4811877a01edb64e817986ec5d60751c113ac", size = 10907407, upload-time = "2026-04-07T13:55:44.961Z" }
wheels = [
    { url = "https://files.pythonhosted.org/packages/e9/47/3d61d611609764aa71a37f7037b870e7bfb22937366974c4fd46cada7bab/django-6.0.4-py3-none-any.whl", hash = "sha256:14359c809fc16e8f81fd2b59d7d348e4d2d799da6840b10522b6edf7b8afc1da", size = 8368342, upload-time = "2026-04-07T13:55:37.999Z" },
]

[[package]]
name = "django-kaleidoscope"
version = "0.0.2"
source = { editable = "." }
dependencies = [
    { name = "django", version = "5.2.13", source = { registry = "https://pypi.org/simple" }, marker = "python_full_version < '3.12'" },
    { name = "django", version = "6.0.4", source = { registry = "https://pypi.org/simple" }, marker = "python_full_version >= '3.12'" },
    { name = "line-profiler" },
    { name = "pyinstrument" },
    { name = "pympler" },
    { name = "sqlparse" },
]

[package.optional-dependencies]
dev = [
    { name = "line-profiler" },
    { name = "ruff" },
    { name = "ty" },
]

[package.metadata]
requires-dist = [
    { name = "django", specifier = ">=4.2" },
    { name = "line-profiler" },
    { name = "line-profiler", marker = "extra == 'dev'" },
    { name = "pyinstrument", specifier = ">=4.0" },
    { name = "pympler", specifier = ">=1.0" },
    { name = "ruff", marker = "extra == 'dev'" },
    { name = "sqlparse", specifier = ">=0.5" },
    { name = "ty", marker = "extra == 'dev'" },
]
provides-extras = ["dev"]

[[package]]
name = "line-profiler"
version = "5.0.2"
source = { registry = "https://pypi.org/simple" }
dependencies = [
    { name = "typing-extensions" },
]
sdist = { url = "https://files.pythonhosted.org/packages/03/b6/6d18ad201417a9c5168995541d0fd7981b5652b2b34f6e46a3a93c0f1beb/line_profiler-5.0.2.tar.gz", hash = "sha256:8d8a990c84c64bcde45af22af502d17bc0ae107be405ce41bba92af5c39c0000", size = 407075, upload-time = "2026-02-23T23:31:20.698Z" }
wheels = [
    { url = "https://files.pythonhosted.org/packages/d1/cd/a92661cb24987d0a4cf86f7ec9f6a0f74ea981c520b6458275d41b11ec0a/line_profiler-5.0.2-cp311-cp311-macosx_10_9_universal2.whl", hash = "sha256:602370a9bb8d020ea28ddac3bb7fd4331c91d495e6e81d5f75752cbb2f2bb802", size = 650547, upload-time = "2026-02-23T23:30:00.593Z" },
    { url = "https://files.pythonhosted.org/packages/7e/77/5489458f8cc01ea00cdf25bc6fa74e748a30e7b758275cc98b485b59de91/line_profiler-5.0.2-cp311-cp311-macosx_10_9_x86_64.whl", hash = "sha256:26956eef9668f641c9c6f9adb6b1b236252a73405e238452768812af14f9a145", size = 507989, upload-time = "2026-02-23T23:30:01.848Z" },
    { url = "https://files.pythonhosted.org/packages/cc/4f/14aace66e067fb5a774580bc71b348c323c91a4e2ac223a98822de67ecda/line_profiler-5.0.2-cp311-cp311-macosx_11_0_arm64.whl", hash = "sha256:64376a726009b7842706a3fef2a6dba051f0bf5a98cbbcafa4c23d6c83bac53c", size = 497137, upload-time = "2026-02-23T23:30:03.515Z" },
    { url = "https://files.pythonhosted.org/packages/52/48/ea92cc96538a192fdf74249f28ad9e9c0526743b12817f920985e7fdbbe2/line_profiler-5.0.2-cp311-cp311-manylinux_2_24_aarch64.manylinux_2_28_aarch64.whl", hash = "sha256:68432878d7598916f02be3fbb83e3a4727443cfd96af9cbea05cc1ae9749ed82", size = 1526617, upload-time = "2026-02-23T23:30:05.211Z" },
    { url = "https://files.pythonhosted.org/packages/2f/8d/c73544fba5683a50d7579f21614942d9223e2dd618986be56d5beff561e5/line_profiler-5.0.2-cp311-cp311-manylinux_2_24_x86_64.manylinux_2_28_x86_64.whl", hash = "sha256:7956e79526dc4898ca63dd8e3f435ff674b35d7e06457bfff883efae3ecb8359", size = 1540576, upload-time = "2026-02-23T23:30:07.234Z" },
    { url = "https://files.pythonhosted.org/packages/bf/33/a3255c143148e5886179b689b0413bb0b7edbd6af1531db577f8bf8b69fd/line_profiler-5.0.2-cp311-cp311-musllinux_1_2_aarch64.whl", hash = "sha256:29370b9d239c0e68ea017bbf2b582beed6122a439ef97a8e38228708b52ba595", size = 2480641, upload-time = "2026-02-23T23:30:08.638Z" },
    { url = "https://files.pythonhosted.org/packages/fb/c8/d398438f9af55c4bd799c15c6a9fc5d349c36ef461edce8ed3569768c964/line_profiler-5.0.2-cp311-cp311-musllinux_1_2_x86_64.whl", hash = "sha256:f47682cb1cef2a3b3865e59fdaf2f486196476fa508ddcdd838e3484626c2a68", size = 2565285, upload-time = "2026-02-23T23:30:10.015Z" },
    { url = "https://files.pythonhosted.org/packages/74/08/663f3dd52ebebcb98cddca9ca4f4b51fcd43ce2c8c6b676de28e2ad6f384/line_profiler-5.0.2-cp311-cp311-win_amd64.whl", hash = "sha256:b74416342261d0434e2ae0ff074ec0ecf0ea4e66ec2db5a95dd8b0ec7f2b1a8b", size = 480440, upload-time = "2026-02-23T23:30:11.588Z" },
    { url = "https://files.pythonhosted.org/packages/5a/c4/12ac6f1c139780301d23b9f64ccb160366063124e91134fcccfb24d8b9b7/line_profiler-5.0.2-cp311-cp311-win_arm64.whl", hash = "sha256:f0d51ddb054d38a37607b335475c8be9fae4152b01873d1fc1d6b6a317b66398", size = 464965, upload-time = "2026-02-23T23:30:13.262Z" },
    { url = "https://files.pythonhosted.org/packages/99/92/fb766e6355118d2a681c18525d4c005c146ec44b064ccfd70f4529d8d260/line_profiler-5.0.2-cp312-cp312-macosx_10_13_universal2.whl", hash = "sha256:256c1d5e84a93254dbe656d0486322190cc68f6b517544edef17a9f00167e680", size = 646920, upload-time = "2026-02-23T23:30:14.692Z" },
    { url = "https://files.pythonhosted.org/packages/7c/9d/3583c1cdc740206de9e4734bdcf377d649b89ea876bc36001d95b3dea67d/line_profiler-5.0.2-cp312-cp312-macosx_10_13_x86_64.whl", hash = "sha256:892f0cd9967b101ce7528be2d388616037c73cb27830effd7493fa021165c622", size = 505695, upload-time = "2026-02-23T23:30:16.375Z" },
    { url = "https://files.pythonhosted.org/packages/27/60/412476a1d09beac783d11d3bbf85fe6c1e3d50058e3c28967fee59c46649/line_profiler-5.0.2-cp312-cp312-macosx_11_0_arm64.whl", hash = "sha256:d2d02735843c14337dae3e80d95a732b4657ef759def75162ef97a1aa7466aac", size = 495859, upload-time = "2026-02-23T23:30:18.036Z" },
    { url = "https://files.pythonhosted.org/packages/37/75/65028bad08264fd8f9c3f0fd405c539ff552c2d1cf2a00965157ad148973/line_profiler-5.0.2-cp312-cp312-manylinux_2_24_aarch64.manylinux_2_28_aarch64.whl", hash = "sha256:0d2e166a86dc9c78c349ee18b592b98ebfb9dae615f63fc77cce5f5f751a6ad0", size = 1464882, upload-time = "2026-02-23T23:30:19.273Z" },
    { url = "https://files.pythonhosted.org/packages/0d/6c/2d0286f67e6bb2b00ae23f9af6df18bfc6bb1ac5d803a8f46bd3eb22a8f1/line_profiler-5.0.2-cp312-cp312-manylinux_2_24_x86_64.manylinux_2_28_x86_64.whl", hash = "sha256:5a870b68af1539d718d030f4c4726d35cff4b14ab605147e65222933c5c0e10e", size = 1484331, upload-time = "2026-02-23T23:30:20.571Z" },
    { url = "https://files.pythonhosted.org/packages/4e/a4/b01359733214a1a85c5f86f3953b07deb61b267efa0328e8d436a1ad80ea/line_profiler-5.0.2-cp312-cp312-musllinux_1_2_aarch64.whl", hash = "sha256:fe8cd787caa2a02ca7e138832fa4cab1f198377eaf6e5e8263e8b7506157c454", size = 2411802, upload-time = "2026-02-23T23:30:21.995Z" },
    { url = "https://files.pythonhosted.org/packages/d1/f4/1fa91206a6c50091cf614fdd5c9d349eb3a57d23f5eb8be8fffe7e0525b9/line_profiler-5.0.2-cp312-cp312-musllinux_1_2_x86_64.whl", hash = "sha256:70ff915ade9e3ec38ff043ff093b590bbb3055e6fc8b311e0fe14cd78fb2a7f7", size = 2495790, upload-time = "2026-02-23T23:30:23.448Z" },
    { url = "https://files.pythonhosted.org/packages/87/18/d389c72dce6c8318c088a7c29ee8961a913c8a1c6469888b517e8f47ddaf/line_profiler-5.0.2-cp312-cp312-win_amd64.whl", hash = "sha256:026779b9dfca0f367174f5d34bcccffce2755db40a4389f0d8a531a2e3ca7cfc", size = 478790, upload-time = "2026-02-23T23:30:24.848Z" },
    { url = "https://files.pythonhosted.org/packages/3f/54/d171600a4190c07215090a88846ef0093b5bf34a81f8059115592dbb1354/line_profiler-5.0.2-cp312-cp312-win_arm64.whl", hash = "sha256:fe22b927f05a61a0149976bf0d22d8e56fa742ec89f3d72358db71a1f440c77b", size = 462269, upload-time = "2026-02-23T23:30:26.237Z" },
    { url = "https://files.pythonhosted.org/packages/a7/64/856b920e026fbd239df875ec05e63583f7bd7f250805215ab6e132da11d1/line_profiler-5.0.2-cp313-cp313-macosx_10_13_universal2.whl", hash = "sha256:016effba91d34d15229d41984e921a27f66a7b634f1d7adf6c57c743f3d6a0eb", size = 642642, upload-time = "2026-02-23T23:30:27.63Z" },
    { url = "https://files.pythonhosted.org/packages/3b/08/0a56fab0a36818af6ffc8073700db2f402db5a62477b69d938c19871d631/line_profiler-5.0.2-cp313-cp313-macosx_10_13_x86_64.whl", hash = "sha256:506e800dd408a8aafadf39ff4e4a1375ae7794910d00098f191520a2f390cb99", size = 503787, upload-time = "2026-02-23T23:30:29.226Z" },
    { url = "https://files.pythonhosted.org/packages/ed/9a/0ab45cf92b2c13261b475c440e18bb18d9497cc2ad5dfaf38c231c72b02b/line_profiler-5.0.2-cp313-cp313-macosx_11_0_arm64.whl", hash = "sha256:1e67f77bcb349a663cb22819f65621bcd2a39889524dd890d1d88f8736841b7b", size = 493631, upload-time = "2026-02-23T23:30:30.502Z" },
    { url = "https://files.pythonhosted.org/packages/fb/15/a5b603f0c7c795aa656a95e2a70d139dc499b5d153b6a3129bbba6b6f913/line_profiler-5.0.2-cp313-cp313-manylinux_2_24_aarch64.manylinux_2_28_aarch64.whl", hash = "sha256:f6b9d08e85fd48d254ae253e76dc72598e94200ef7002eb1ae0bab4cc9c5e41a", size = 1464022, upload-time = "2026-02-23T23:30:31.793Z" },
    { url = "https://files.pythonhosted.org/packages/27/6f/0f399c72eecaf8f8c00e84238b5786afc34d0a4ef5ad10c63c712715ba86/line_profiler-5.0.2-cp313-cp313-manylinux_2_24_x86_64.manylinux_2_28_x86_64.whl", hash = "sha256:31290e06ac25cd87fee46ebe979541d4ec7c8d6f15c5cbe5874a932b1cee95bb", size = 1483425, upload-time = "2026-02-23T23:30:33.15Z" },
    { url = "https://files.pythonhosted.org/packages/65/18/f4c642a29719a84d17ea8b58cd6e60943573a28228c30c568565ed5512aa/line_profiler-5.0.2-cp313-cp313-musllinux_1_2_aarch64.whl", hash = "sha256:1d7fbcc2dbd8534fc6f7d2b440076749b2235cdc525eb177fefafeaf7550373f", size = 2410276, upload-time = "2026-02-23T23:30:34.943Z" },
    { url = "https://files.pythonhosted.org/packages/90/33/701203686e7d27a545e3bbc8e81fffc7d091c42ed33564be4e72376ef45b/line_profiler-5.0.2-cp313-cp313-musllinux_1_2_x86_64.whl", hash = "sha256:55f04671f48afcd90858c18fbdb2509463c77d717ed5424664f096e902206b6b", size = 2495283, upload-time = "2026-02-23T23:30:36.616Z" },
    { url = "https://files.pythonhosted.org/packages/34/e1/59fe065f67ed1fb8f974a9e3434685af1fc1f6a154489f7ab0992eab1c73/line_profiler-5.0.2-cp313-cp313-win_amd64.whl", hash = "sha256:d2262d4bbbcf72bd430fc5763073792a0f1cb20e64de0f7ecf6e8ae16627d876", size = 479287, upload-time = "2026-02-23T23:30:38.152Z" },
    { url = "https://files.pythonhosted.org/packages/e9/83/89f6ae52fa77960404ee88fc078ee680e504bf1ab8724ac01430cee0f5a5/line_profiler-5.0.2-cp313-cp313-win_arm64.whl", hash = "sha256:abf755b020d91b639cbc563015eca381ca64e6bd27ee55ef9004a3a17b6d4dcf", size = 461960, upload-time = "2026-02-23T23:30:39.657Z" },
    { url = "https://files.pythonhosted.org/packages/c6/ae/43caf21edd10a7f5e138bdffcad01ade9a704462a923054402bbadbe5364/line_profiler-5.0.2-cp314-cp314-macosx_10_13_universal2.whl", hash = "sha256:a1cc30f3f7877fec826d0f40f400ee6c99239dc6a2f587b8d90d06a42d29c8a5", size = 648335, upload-time = "2026-02-23T23:30:41.042Z" },
    { url = "https://files.pythonhosted.org/packages/34/90/8a1fb985dc582d140fc92608dec3037a484c5f8ab99ae05c24031aa68000/line_profiler-5.0.2-cp314-cp314-macosx_10_13_x86_64.whl", hash = "sha256:f90923e1cc4ff8eda1d18e525089fca7bfd6dfe8817ec530a913a2c7444ba0fd", size = 508823, upload-time = "2026-02-23T23:30:42.16Z" },
    { url = "https://files.pythonhosted.org/packages/a4/01/855c55e195ac0aadb8ca4e4c65311f945ed02a2491b436bc33cee318d841/line_profiler-5.0.2-cp314-cp314-macosx_11_0_arm64.whl", hash = "sha256:cc3d0ecccb14f014d05b32f687d22adcb98bf59fdcc721e7a4330f0372a56f92", size = 499868, upload-time = "2026-02-23T23:30:44.188Z" },
    { url = "https://files.pythonhosted.org/packages/fc/48/fe73d6192a37637534366306a7871ef0f7ff5973bd87da082e4bf5ec0764/line_profiler-5.0.2-cp314-cp314-manylinux_2_24_aarch64.manylinux_2_28_aarch64.whl", hash = "sha256:5341f36e532e7ed28e323f5502a29b397b66a6708c6427a77f965148a2e5ddec", size = 1460660, upload-time = "2026-02-23T23:30:45.601Z" },
    { url = "https://files.pythonhosted.org/packages/49/1c/e1236e0f3c7ec1e19e74d61ac15143a7826b5767296de87bcf3aa26548a1/line_profiler-5.0.2-cp314-cp314-manylinux_2_24_x86_64.manylinux_2_28_x86_64.whl", hash = "sha256:4cce501f9d996b317b599c0ae99e3eb1bd447874ef8fef1da330b27f3a23eb50", size = 1475222, upload-time = "2026-02-23T23:30:47.014Z" },
    { url = "https://files.pythonhosted.org/packages/8e/ad/02302fd2a82949277036bc557ecebddb9bc6282b76a4da7660258fe82111/line_profiler-5.0.2-cp314-cp314-musllinux_1_2_aarch64.whl", hash = "sha256:b237d82fb792c3db7c80a8675d3c48993d4421b14d96ae602f7fe9ccf1f85903", size = 2413428, upload-time = "2026-02-23T23:30:48.828Z" },
    { url = "https://files.pythonhosted.org/packages/b8/c7/b3efe646c8b9fdc6fe26720860276c8a2bb745ffe30f5bcbc9726b975673/line_profiler-5.0.2-cp314-cp314-musllinux_1_2_x86_64.whl", hash = "sha256:74febeca89128a37a32e6500c99665943c0d11e6043f46ce95596d7d1e1732a7", size = 2494741, upload-time = "2026-02-23T23:30:50.755Z" },
    { url = "https://files.pythonhosted.org/packages/0e/ad/ddadd39eb92900f063f27e8f6d748c03dc2638873f07ebf3cee75f29711f/line_profiler-5.0.2-cp314-cp314-win_amd64.whl", hash = "sha256:d6ce98faff60d9552a30e233648a848682b5d664a7e09e9669163a8f01e28147", size = 485700, upload-time = "2026-02-23T23:30:52.373Z" },
    { url = "https://files.pythonhosted.org/packages/d0/45/a529f355eea8fb790fbdee0273d6c0049dba3232a36e82c30d849b00e996/line_profiler-5.0.2-cp314-cp314-win_arm64.whl", hash = "sha256:8be7cc5f4ed9ad87352129d1a494cf5ba7f0fced0472201d83ac9fbfa20f798b", size = 469781, upload-time = "2026-02-23T23:30:53.747Z" },
]

[[package]]
name = "pyinstrument"
version = "5.1.2"
source = { registry = "https://pypi.org/simple" }
sdist = { url = "https://files.pythonhosted.org/packages/32/7f/d3c4ef7c43f3294bd5a475dfa6f295a9fee5243c292d5c8122044fa83bcb/pyinstrument-5.1.2.tar.gz", hash = "sha256:af149d672da9493fa37334a1cc68f7b80c3e6cb9fd99b9e426c447db5c650bf0", size = 266889, upload-time = "2026-01-04T18:38:58.464Z" }
wheels = [
    { url = "https://files.pythonhosted.org/packages/79/ef/0288edd620fb0cf2074d8c8e3567007a6bac66307b839d99988563de4eb8/pyinstrument-5.1.2-cp311-cp311-macosx_10_9_universal2.whl", hash = "sha256:3739a05583ea6312c385eb59fe985cd20d9048e95f9eeeb6a2f6c35202e2d36e", size = 131284, upload-time = "2026-01-04T18:37:35.01Z" },
    { url = "https://files.pythonhosted.org/packages/0b/4e/2a90a6997d9f7a39a6998d56de72e52673ebf5a9169a1c39dbf173e95105/pyinstrument-5.1.2-cp311-cp311-macosx_11_0_arm64.whl", hash = "sha256:7c9ee05dc75ac5fb18498c311e624f77f7f321f7ff325b251aa09e52e46f1d6a", size = 124468, upload-time = "2026-01-04T18:37:36.628Z" },
    { url = "https://files.pythonhosted.org/packages/04/74/7bfd403e81f9b5ec523f60cced8f516ee52312752bb2e0fafabfd90bbd78/pyinstrument-5.1.2-cp311-cp311-manylinux2014_aarch64.manylinux_2_17_aarch64.manylinux_2_28_aarch64.whl", hash = "sha256:7a49a55ca5b75218767e29cacbe515d0b66fc18cb48a937bca0f77b8dafc7202", size = 148057, upload-time = "2026-01-04T18:37:37.998Z" },
    { url = "https://files.pythonhosted.org/packages/50/3a/7205d7c199947d18edcd013af4ddf4d3cca85c5488fbe493050035947f7c/pyinstrument-5.1.2-cp311-cp311-manylinux2014_x86_64.manylinux_2_17_x86_64.manylinux_2_28_x86_64.whl", hash = "sha256:0c45c14974ff04b1bfdc6c2a448627c6da7409c7800d0eb7bd03fb435dcb41d7", size = 146526, upload-time = "2026-01-04T18:37:39.642Z" },
    { url = "https://files.pythonhosted.org/packages/24/e8/f6864172e7ebe4bc5209bafbc574a619b4c511b9506b941789b11441be7c/pyinstrument-5.1.2-cp311-cp311-musllinux_1_2_aarch64.whl", hash = "sha256:22b9c04b3982c41c04b1c5ed05d1bc3a2ba26533450084058119f6dc160e70a3", size = 147179, upload-time = "2026-01-04T18:37:41.332Z" },
    { url = "https://files.pythonhosted.org/packages/6d/04/89ef2d1c34767bfdbcc74ab0c7e0d021d7fac5e79873239e4ca26e97d6da/pyinstrument-5.1.2-cp311-cp311-musllinux_1_2_x86_64.whl", hash = "sha256:5c4995ee0774801790c138f0dfec17d4e7a7ef09a6d56d53cbcbf0578a711021", size = 146354, upload-time = "2026-01-04T18:37:42.808Z" },
    { url = "https://files.pythonhosted.org/packages/2e/d4/64441547ec12391b92c739a3b0685059e7dfa088d928df8364676ef7abc7/pyinstrument-5.1.2-cp311-cp311-win32.whl", hash = "sha256:fe449e4a8ee60a2a27cf509350a584670f4c3704649601be7937598f09dbe7ca", size = 125790, upload-time = "2026-01-04T18:37:44.141Z" },
    { url = "https://files.pythonhosted.org/packages/4d/8b/0a5f6b239294decb0ecd932711f3470bfbd42fc2e08a94cd5c1f4f6da7f1/pyinstrument-5.1.2-cp311-cp311-win_amd64.whl", hash = "sha256:3fb839429671a42bf349335af4c1ce5cf83386ac11f04df0bc40720d4cb7d77d", size = 126578, upload-time = "2026-01-04T18:37:45.423Z" },
    { url = "https://files.pythonhosted.org/packages/26/d9/8fa5571ddd21b2b7189bd8b0bb4e90be1659a54dda5af51c7f6bf2b5666f/pyinstrument-5.1.2-cp312-cp312-macosx_10_13_universal2.whl", hash = "sha256:2519865d4bf58936f2506c1c46a82d29a20f3239aa50c941df1ca9618c7da5f0", size = 131419, upload-time = "2026-01-04T18:37:46.843Z" },
    { url = "https://files.pythonhosted.org/packages/6f/50/0512adb83cadfeaa1a215dc9784defff5043c5aa052d15015e3d8013af75/pyinstrument-5.1.2-cp312-cp312-macosx_11_0_arm64.whl", hash = "sha256:059442106b8b5de29ae5ac1bdc20d044fed4da534b8caba434b6ffb119037bf5", size = 124446, upload-time = "2026-01-04T18:37:48.572Z" },
    { url = "https://files.pythonhosted.org/packages/9b/78/c45f0b668fb3c8c0d32058a451a8e1d34737cd7586387982185e12df1977/pyinstrument-5.1.2-cp312-cp312-manylinux2014_aarch64.manylinux_2_17_aarch64.manylinux_2_28_aarch64.whl", hash = "sha256:cd51f2d54fc39a4cfd73ba6be27cd0187123132ce3f445b639bff5e1b23d7e26", size = 149694, upload-time = "2026-01-04T18:37:49.876Z" },
    { url = "https://files.pythonhosted.org/packages/91/4d/2ca3ca9906ce6e05070f431c54d54ccbaf57a980cfa58032d35b0b0ac1f8/pyinstrument-5.1.2-cp312-cp312-manylinux2014_x86_64.manylinux_2_17_x86_64.manylinux_2_28_x86_64.whl", hash = "sha256:12af1e83795b6c640d657d339014dd1ff718b182dec736d7d1f1d8a97534eb53", size = 148461, upload-time = "2026-01-04T18:37:51.544Z" },
    { url = "https://files.pythonhosted.org/packages/18/d2/bfe84a4326172ef68655b65b49fd041eeb94c8e59ee47258589b8b79dd3b/pyinstrument-5.1.2-cp312-cp312-musllinux_1_2_aarch64.whl", hash = "sha256:2565513658e742c5eb691a779cb29d19d01bc9ee951d0eb76482e9f343c38c2e", size = 148560, upload-time = "2026-01-04T18:37:52.931Z" },
    { url = "https://files.pythonhosted.org/packages/d0/00/db7f5def351e869230b0165828c4edacbf3fdda8d66aff30dd73a62082c2/pyinstrument-5.1.2-cp312-cp312-musllinux_1_2_x86_64.whl", hash = "sha256:5afd0ba788a1d112da49fb77966918e01df1f9e7d62e72894d82f7acb0996c2d", size = 148178, upload-time = "2026-01-04T18:37:54.278Z" },
    { url = "https://files.pythonhosted.org/packages/5e/bc/aea3329576e20b987d205027b8e6442ece845d681b9f9d8682d5404f81f3/pyinstrument-5.1.2-cp312-cp312-win32.whl", hash = "sha256:554077b031b278593cb2301f0057be771ea62a729878c69aaf29fcdfb7b71281", size = 125927, upload-time = "2026-01-04T18:37:55.615Z" },
    { url = "https://files.pythonhosted.org/packages/14/e2/d928434ec3a840478e95fd0d73b0dfc0b8060a07b06f4b45e9df30444e9a/pyinstrument-5.1.2-cp312-cp312-win_amd64.whl", hash = "sha256:55a905384ba43efc924b8863aa6cfd276f029e4aa70c4a0e3b7389e27b191e45", size = 126675, upload-time = "2026-01-04T18:37:57.278Z" },
    { url = "https://files.pythonhosted.org/packages/b4/8e/b9aea969eec67c129652000446384d550a0df45c297adc9fd74da2f8482c/pyinstrument-5.1.2-cp313-cp313-macosx_10_13_universal2.whl", hash = "sha256:7b8bab2334bf1d4c9e92d61db574300b914b594588a6b6dd67c45450152dfc29", size = 131418, upload-time = "2026-01-04T18:37:58.642Z" },
    { url = "https://files.pythonhosted.org/packages/8f/62/76418eb29b5591f3e5500369a6777ce928135c3aa6ccdb0c861a9c6ca93b/pyinstrument-5.1.2-cp313-cp313-macosx_11_0_arm64.whl", hash = "sha256:13dcc138a61298ef4994b7aebff509d2c06db89dfd6e2021f0b9cd96aaa44ec3", size = 124448, upload-time = "2026-01-04T18:37:59.95Z" },
    { url = "https://files.pythonhosted.org/packages/07/73/874bccc04bcf6f4babc3de1a9568e209e7e40998563974f5030b0fb4d3e0/pyinstrument-5.1.2-cp313-cp313-manylinux2014_aarch64.manylinux_2_17_aarch64.manylinux_2_28_aarch64.whl", hash = "sha256:c8abd4a7ffa2e7f9e00039a5e549e8eebc80d7ca8d43f0fb51a50ff2b117ce4a", size = 149853, upload-time = "2026-01-04T18:38:01.405Z" },
    { url = "https://files.pythonhosted.org/packages/cf/85/268446c4388d77ff4abdeaff202356e1527b3ff9576f5587443a24980bec/pyinstrument-5.1.2-cp313-cp313-manylinux2014_x86_64.manylinux_2_17_x86_64.manylinux_2_28_x86_64.whl", hash = "sha256:eb3a05108edebc30f31e2c69c904576042f1158b2513ab80adc08f7848a7a8f0", size = 148641, upload-time = "2026-01-04T18:38:03.086Z" },
    { url = "https://files.pythonhosted.org/packages/fc/15/4f8dea3381483e68d00582a9b823a21a088acfe77a847a7991a1a8feed76/pyinstrument-5.1.2-cp313-cp313-musllinux_1_2_aarch64.whl", hash = "sha256:f70d588b53f3f35829d1d1ddfa05e07fcebf1434b3b1509d542ca317d8e9a2a5", size = 148674, upload-time = "2026-01-04T18:38:04.805Z" },
    { url = "https://files.pythonhosted.org/packages/fa/61/72c180454b6511d5b90166f8828e1bab3b45d0489952a1fe48c5c585233d/pyinstrument-5.1.2-cp313-cp313-musllinux_1_2_x86_64.whl", hash = "sha256:b007327e0d6a6a01d5064883dd27c19996f044ce7488d507826fee7884e6a32e", size = 148315, upload-time = "2026-01-04T18:38:06.114Z" },
    { url = "https://files.pythonhosted.org/packages/2c/f0/4c27cebddf22a8840bd8b419366bb321ce41f921ca1893e309c932ab28bf/pyinstrument-5.1.2-cp313-cp313-win32.whl", hash = "sha256:9ba0e6b17a7e86c3dc02d208e4c25506e8f914d9964ae89449f1f37f0b70abc0", size = 125926, upload-time = "2026-01-04T18:38:07.507Z" },
    { url = "https://files.pythonhosted.org/packages/6c/20/6b1bee88ddef065b0df3a3ba4ba60ed8a9ca443d5cded7152a8a9750914f/pyinstrument-5.1.2-cp313-cp313-win_amd64.whl", hash = "sha256:660d7fc486a839814db0b2f716bc13d8b99b9c780aaeb47f74a70a34adc02a7b", size = 126678, upload-time = "2026-01-04T18:38:08.826Z" },
    { url = "https://files.pythonhosted.org/packages/66/0f/7d5154c92904bdf25be067a7fe4cad4ba48919f16ccbb51bb953d9ae1a20/pyinstrument-5.1.2-cp314-cp314-macosx_10_15_universal2.whl", hash = "sha256:0baed297beee2bb9897e737bbd89e3b9d45a2fbbea9f1ad4e809007d780a9b1e", size = 131388, upload-time = "2026-01-04T18:38:10.491Z" },
    { url = "https://files.pythonhosted.org/packages/17/28/bf83231a3f951e11b4dfaf160e1eeba1ce29377eab30e3d2eb6ee22ff3ba/pyinstrument-5.1.2-cp314-cp314-macosx_11_0_arm64.whl", hash = "sha256:ebb910a32a45bde6c3fc30c578efc28a54517990e11e94b5e48a0d5479728568", size = 124456, upload-time = "2026-01-04T18:38:11.792Z" },
    { url = "https://files.pythonhosted.org/packages/ac/98/762cf10896d907268629e1db08a48f128984a53e8d92b99ea96f862597e5/pyinstrument-5.1.2-cp314-cp314-manylinux2014_aarch64.manylinux_2_17_aarch64.manylinux_2_28_aarch64.whl", hash = "sha256:bad403c157f9c6dba7f731a6fca5bfcd8ca2701a39bcc717dcc6e0b10055ffc4", size = 149594, upload-time = "2026-01-04T18:38:13.434Z" },
    { url = "https://files.pythonhosted.org/packages/1a/1b/48580e16e623d89af58b89c552c95a2ae65f70a1f4fab1d97879f34791db/pyinstrument-5.1.2-cp314-cp314-manylinux2014_x86_64.manylinux_2_17_x86_64.manylinux_2_28_x86_64.whl", hash = "sha256:2f456cabdb95fd343c798a7f2a56688b028f981522e283c5f59bd59195b66df5", size = 148339, upload-time = "2026-01-04T18:38:14.767Z" },
    { url = "https://files.pythonhosted.org/packages/62/7e/38157a8a6ec67789d8ee109fd09877ea3340df44e1a7add8f249e30a8ade/pyinstrument-5.1.2-cp314-cp314-musllinux_1_2_aarch64.whl", hash = "sha256:4e9c4dcc1f2c4a0cd6b576e3604abc37496a7868243c9a1443ad3b9db69d590f", size = 148485, upload-time = "2026-01-04T18:38:16.121Z" },
    { url = "https://files.pythonhosted.org/packages/4b/34/31ee72b19cfc48a82801024b5d653f07982154a11381a3ae65bbfdbf2c7b/pyinstrument-5.1.2-cp314-cp314-musllinux_1_2_x86_64.whl", hash = "sha256:acf93b128328c6d80fdb85431068ac17508f0f7845e89505b0ea6130dead5ca6", size = 148106, upload-time = "2026-01-04T18:38:17.623Z" },
    { url = "https://files.pythonhosted.org/packages/3b/b4/7ab20243187262d66ab062778b1ccac4ca55090752f32a83f603f4e5e3a2/pyinstrument-5.1.2-cp314-cp314-win32.whl", hash = "sha256:9c7f0167903ecff8b1d744f7e37b2bd4918e05a69cca724cb112f5ed59d1e41b", size = 126593, upload-time = "2026-01-04T18:38:18.968Z" },
    { url = "https://files.pythonhosted.org/packages/9e/a0/db6a8ae3182546227f5a043b1be29b8d5f98bf973e20d922981ef206de85/pyinstrument-5.1.2-cp314-cp314-win_amd64.whl", hash = "sha256:ce3f6b1f9a2b5d74819ecc07d631eadececf915f551474a75ad65ac580ec5a0e", size = 127358, upload-time = "2026-01-04T18:38:20.28Z" },
    { url = "https://files.pythonhosted.org/packages/59/d2/719f439972b3f80e35fb5b1bcd888c3218d60dbc91957b99ffafd7ac9221/pyinstrument-5.1.2-cp314-cp314t-macosx_10_15_universal2.whl", hash = "sha256:af8651b239049accbeecd389d35823233f649446f76f47fd005316b05d08cef2", size = 132317, upload-time = "2026-01-04T18:38:21.669Z" },
    { url = "https://files.pythonhosted.org/packages/e2/1c/0ebfef69ae926665fae635424c5647411235c3689c9a9ad69fd68de6cae2/pyinstrument-5.1.2-cp314-cp314t-macosx_11_0_arm64.whl", hash = "sha256:c6082f1c3e43e1d22834e91ba8975f0080186df4018a04b4dd29f9623c59df1d", size = 124917, upload-time = "2026-01-04T18:38:23.385Z" },
    { url = "https://files.pythonhosted.org/packages/a6/ee/5599f769f515a0f1c97443edc7394fe2b9829bf39f404c046499c1a62378/pyinstrument-5.1.2-cp314-cp314t-manylinux2014_aarch64.manylinux_2_17_aarch64.manylinux_2_28_aarch64.whl", hash = "sha256:c031eb066ddc16425e1e2f56aad5c1ce1e27b2432a70329e5385b85e812decee", size = 157407, upload-time = "2026-01-04T18:38:24.774Z" },
    { url = "https://files.pythonhosted.org/packages/fd/40/32aa865252288caef301237488ee309bd6701125888bf453d23ab764e357/pyinstrument-5.1.2-cp314-cp314t-manylinux2014_x86_64.manylinux_2_17_x86_64.manylinux_2_28_x86_64.whl", hash = "sha256:f447ec391cad30667ba412dce41607aaa20d4a2496a7ab867e0c199f0fe3ae3d", size = 155068, upload-time = "2026-01-04T18:38:26.112Z" },
    { url = "https://files.pythonhosted.org/packages/91/68/0b56a1540fe1c357dfcda82d4f5b52c87fada5962cbf18703ea39ccbbe69/pyinstrument-5.1.2-cp314-cp314t-musllinux_1_2_aarch64.whl", hash = "sha256:50299bddfc1fe0039898f895b10ef12f9db08acffb4d85326fad589cda24d2ee", size = 155186, upload-time = "2026-01-04T18:38:27.914Z" },
    { url = "https://files.pythonhosted.org/packages/7a/48/7ef84abfc3e41148cf993095214f104e75ecff585e94c6e8be001e672573/pyinstrument-5.1.2-cp314-cp314t-musllinux_1_2_x86_64.whl", hash = "sha256:a193ff08825ece115ececa136832acb14c491c77ab1e6b6a361905df8753d5c6", size = 153979, upload-time = "2026-01-04T18:38:29.236Z" },
    { url = "https://files.pythonhosted.org/packages/8f/cf/a28ad117d58b33c1d74bcdfbbcf1603b67346883800ac7d510cff8d3bcee/pyinstrument-5.1.2-cp314-cp314t-win32.whl", hash = "sha256:de887ba19e1057bd2d86e6584f17788516a890ae6fe1b7eed9927873f416b4d8", size = 127267, upload-time = "2026-01-04T18:38:30.619Z" },
    { url = "https://files.pythonhosted.org/packages/8e/97/03635143a12a5d941f545548b00f8ac39d35565321a2effb4154ed267338/pyinstrument-5.1.2-cp314-cp314t-win_amd64.whl", hash = "sha256:b6a71f5e7f53c86c9b476b30cf19509463a63581ef17ddbd8680fee37ae509db", size = 128164, upload-time = "2026-01-04T18:38:32.281Z" },
]

[[package]]
name = "pympler"
version = "1.1"
source = { registry = "https://pypi.org/simple" }
dependencies = [
    { name = "pywin32", marker = "sys_platform == 'win32'" },
]
sdist = { url = "https://files.pythonhosted.org/packages/dd/37/c384631908029676d8e7213dd956bb686af303a80db7afbc9be36bc49495/pympler-1.1.tar.gz", hash = "sha256:1eaa867cb8992c218430f1708fdaccda53df064144d1c5656b1e6f1ee6000424", size = 179954, upload-time = "2024-06-28T19:56:06.563Z" }
wheels = [
    { url = "https://files.pythonhosted.org/packages/79/4f/a6a2e2b202d7fd97eadfe90979845b8706676b41cbd3b42ba75adf329d1f/Pympler-1.1-py3-none-any.whl", hash = "sha256:5b223d6027d0619584116a0cbc28e8d2e378f7a79c1e5e024f9ff3b673c58506", size = 165766, upload-time = "2024-06-28T19:56:05.087Z" },
]

[[package]]
name = "pywin32"
version = "311"
source = { registry = "https://pypi.org/simple" }
wheels = [
    { url = "https://files.pythonhosted.org/packages/7c/af/449a6a91e5d6db51420875c54f6aff7c97a86a3b13a0b4f1a5c13b988de3/pywin32-311-cp311-cp311-win32.whl", hash = "sha256:184eb5e436dea364dcd3d2316d577d625c0351bf237c4e9a5fabbcfa5a58b151", size = 8697031, upload-time = "2025-07-14T20:13:13.266Z" },
    { url = "https://files.pythonhosted.org/packages/51/8f/9bb81dd5bb77d22243d33c8397f09377056d5c687aa6d4042bea7fbf8364/pywin32-311-cp311-cp311-win_amd64.whl", hash = "sha256:3ce80b34b22b17ccbd937a6e78e7225d80c52f5ab9940fe0506a1a16f3dab503", size = 9508308, upload-time = "2025-07-14T20:13:15.147Z" },
    { url = "https://files.pythonhosted.org/packages/44/7b/9c2ab54f74a138c491aba1b1cd0795ba61f144c711daea84a88b63dc0f6c/pywin32-311-cp311-cp311-win_arm64.whl", hash = "sha256:a733f1388e1a842abb67ffa8e7aad0e70ac519e09b0f6a784e65a136ec7cefd2", size = 8703930, upload-time = "2025-07-14T20:13:16.945Z" },
    { url = "https://files.pythonhosted.org/packages/e7/ab/01ea1943d4eba0f850c3c61e78e8dd59757ff815ff3ccd0a84de5f541f42/pywin32-311-cp312-cp312-win32.whl", hash = "sha256:750ec6e621af2b948540032557b10a2d43b0cee2ae9758c54154d711cc852d31", size = 8706543, upload-time = "2025-07-14T20:13:20.765Z" },
    { url = "https://files.pythonhosted.org/packages/d1/a8/a0e8d07d4d051ec7502cd58b291ec98dcc0c3fff027caad0470b72cfcc2f/pywin32-311-cp312-cp312-win_amd64.whl", hash = "sha256:b8c095edad5c211ff31c05223658e71bf7116daa0ecf3ad85f3201ea3190d067", size = 9495040, upload-time = "2025-07-14T20:13:22.543Z" },
    { url = "https://files.pythonhosted.org/packages/ba/3a/2ae996277b4b50f17d61f0603efd8253cb2d79cc7ae159468007b586396d/pywin32-311-cp312-cp312-win_arm64.whl", hash = "sha256:e286f46a9a39c4a18b319c28f59b61de793654af2f395c102b4f819e584b5852", size = 8710102, upload-time = "2025-07-14T20:13:24.682Z" },
    { url = "https://files.pythonhosted.org/packages/a5/be/3fd5de0979fcb3994bfee0d65ed8ca9506a8a1260651b86174f6a86f52b3/pywin32-311-cp313-cp313-win32.whl", hash = "sha256:f95ba5a847cba10dd8c4d8fefa9f2a6cf283b8b88ed6178fa8a6c1ab16054d0d", size = 8705700, upload-time = "2025-07-14T20:13:26.471Z" },
    { url = "https://files.pythonhosted.org/packages/e3/28/e0a1909523c6890208295a29e05c2adb2126364e289826c0a8bc7297bd5c/pywin32-311-cp313-cp313-win_amd64.whl", hash = "sha256:718a38f7e5b058e76aee1c56ddd06908116d35147e133427e59a3983f703a20d", size = 9494700, upload-time = "2025-07-14T20:13:28.243Z" },
    { url = "https://files.pythonhosted.org/packages/04/bf/90339ac0f55726dce7d794e6d79a18a91265bdf3aa70b6b9ca52f35e022a/pywin32-311-cp313-cp313-win_arm64.whl", hash = "sha256:7b4075d959648406202d92a2310cb990fea19b535c7f4a78d3f5e10b926eeb8a", size = 8709318, upload-time = "2025-07-14T20:13:30.348Z" },
    { url = "https://files.pythonhosted.org/packages/c9/31/097f2e132c4f16d99a22bfb777e0fd88bd8e1c634304e102f313af69ace5/pywin32-311-cp314-cp314-win32.whl", hash = "sha256:b7a2c10b93f8986666d0c803ee19b5990885872a7de910fc460f9b0c2fbf92ee", size = 8840714, upload-time = "2025-07-14T20:13:32.449Z" },
    { url = "https://files.pythonhosted.org/packages/90/4b/07c77d8ba0e01349358082713400435347df8426208171ce297da32c313d/pywin32-311-cp314-cp314-win_amd64.whl", hash = "sha256:3aca44c046bd2ed8c90de9cb8427f581c479e594e99b5c0bb19b29c10fd6cb87", size = 9656800, upload-time = "2025-07-14T20:13:34.312Z" },
    { url = "https://files.pythonhosted.org/packages/c0/d2/21af5c535501a7233e734b8af901574572da66fcc254cb35d0609c9080dd/pywin32-311-cp314-cp314-win_arm64.whl", hash = "sha256:a508e2d9025764a8270f93111a970e1d0fbfc33f4153b388bb649b7eec4f9b42", size = 8932540, upload-time = "2025-07-14T20:13:36.379Z" },
]

[[package]]
name = "ruff"
version = "0.15.10"
source = { registry = "https://pypi.org/simple" }
sdist = { url = "https://files.pythonhosted.org/packages/e7/d9/aa3f7d59a10ef6b14fe3431706f854dbf03c5976be614a9796d36326810c/ruff-0.15.10.tar.gz", hash = "sha256:d1f86e67ebfdef88e00faefa1552b5e510e1d35f3be7d423dc7e84e63788c94e", size = 4631728, upload-time = "2026-04-09T14:06:09.884Z" }
wheels = [
    { url = "https://files.pythonhosted.org/packages/eb/00/a1c2fdc9939b2c03691edbda290afcd297f1f389196172826b03d6b6a595/ruff-0.15.10-py3-none-linux_armv6l.whl", hash = "sha256:0744e31482f8f7d0d10a11fcbf897af272fefdfcb10f5af907b18c2813ff4d5f", size = 10563362, upload-time = "2026-04-09T14:06:21.189Z" },
    { url = "https://files.pythonhosted.org/packages/5c/15/006990029aea0bebe9d33c73c3e28c80c391ebdba408d1b08496f00d422d/ruff-0.15.10-py3-none-macosx_10_12_x86_64.whl", hash = "sha256:b1e7c16ea0ff5a53b7c2df52d947e685973049be1cdfe2b59a9c43601897b22e", size = 10951122, upload-time = "2026-04-09T14:06:02.236Z" },
    { url = "https://files.pythonhosted.org/packages/f2/c0/4ac978fe874d0618c7da647862afe697b281c2806f13ce904ad652fa87e4/ruff-0.15.10-py3-none-macosx_11_0_arm64.whl", hash = "sha256:93cc06a19e5155b4441dd72808fdf84290d84ad8a39ca3b0f994363ade4cebb1", size = 10314005, upload-time = "2026-04-09T14:06:00.026Z" },
    { url = "https://files.pythonhosted.org/packages/da/73/c209138a5c98c0d321266372fc4e33ad43d506d7e5dd817dd89b60a8548f/ruff-0.15.10-py3-none-manylinux_2_17_aarch64.manylinux2014_aarch64.whl", hash = "sha256:83e1dd04312997c99ea6965df66a14fb4f03ba978564574ffc68b0d61fd3989e", size = 10643450, upload-time = "2026-04-09T14:05:42.137Z" },
    { url = "https://files.pythonhosted.org/packages/ec/76/0deec355d8ec10709653635b1f90856735302cb8e149acfdf6f82a5feb70/ruff-0.15.10-py3-none-manylinux_2_17_armv7l.manylinux2014_armv7l.whl", hash = "sha256:8154d43684e4333360fedd11aaa40b1b08a4e37d8ffa9d95fee6fa5b37b6fab1", size = 10379597, upload-time = "2026-04-09T14:05:49.984Z" },
    { url = "https://files.pythonhosted.org/packages/dc/be/86bba8fc8798c081e28a4b3bb6d143ccad3fd5f6f024f02002b8f08a9fa3/ruff-0.15.10-py3-none-manylinux_2_17_i686.manylinux2014_i686.whl", hash = "sha256:8ab88715f3a6deb6bde6c227f3a123410bec7b855c3ae331b4c006189e895cef", size = 11146645, upload-time = "2026-04-09T14:06:12.246Z" },
    { url = "https://files.pythonhosted.org/packages/a8/89/140025e65911b281c57be1d385ba1d932c2366ca88ae6663685aed8d4881/ruff-0.15.10-py3-none-manylinux_2_17_ppc64le.manylinux2014_ppc64le.whl", hash = "sha256:a768ff5969b4f44c349d48edf4ab4f91eddb27fd9d77799598e130fb628aa158", size = 12030289, upload-time = "2026-04-09T14:06:04.776Z" },
    { url = "https://files.pythonhosted.org/packages/88/de/ddacca9545a5e01332567db01d44bd8cf725f2db3b3d61a80550b48308ea/ruff-0.15.10-py3-none-manylinux_2_17_s390x.manylinux2014_s390x.whl", hash = "sha256:0ee3ef42dab7078bda5ff6a1bcba8539e9857deb447132ad5566a038674540d0", size = 11496266, upload-time = "2026-04-09T14:05:55.485Z" },
    { url = "https://files.pythonhosted.org/packages/bc/bb/7ddb00a83760ff4a83c4e2fc231fd63937cc7317c10c82f583302e0f6586/ruff-0.15.10-py3-none-manylinux_2_17_x86_64.manylinux2014_x86_64.whl", hash = "sha256:51cb8cc943e891ba99989dd92d61e29b1d231e14811db9be6440ecf25d5c1609", size = 11256418, upload-time = "2026-04-09T14:05:57.69Z" },
    { url = "https://files.pythonhosted.org/packages/dc/8d/55de0d35aacf6cd50b6ee91ee0f291672080021896543776f4170fc5c454/ruff-0.15.10-py3-none-manylinux_2_31_riscv64.whl", hash = "sha256:e59c9bdc056a320fb9ea1700a8d591718b8faf78af065484e801258d3a76bc3f", size = 11288416, upload-time = "2026-04-09T14:05:44.695Z" },
    { url = "https://files.pythonhosted.org/packages/68/cf/9438b1a27426ec46a80e0a718093c7f958ef72f43eb3111862949ead3cc1/ruff-0.15.10-py3-none-musllinux_1_2_aarch64.whl", hash = "sha256:136c00ca2f47b0018b073f28cb5c1506642a830ea941a60354b0e8bc8076b151", size = 10621053, upload-time = "2026-04-09T14:05:52.782Z" },
    { url = "https://files.pythonhosted.org/packages/4c/50/e29be6e2c135e9cd4cb15fbade49d6a2717e009dff3766dd080fcb82e251/ruff-0.15.10-py3-none-musllinux_1_2_armv7l.whl", hash = "sha256:8b80a2f3c9c8a950d6237f2ca12b206bccff626139be9fa005f14feb881a1ae8", size = 10378302, upload-time = "2026-04-09T14:06:14.361Z" },
    { url = "https://files.pythonhosted.org/packages/18/2f/e0b36a6f99c51bb89f3a30239bc7bf97e87a37ae80aa2d6542d6e5150364/ruff-0.15.10-py3-none-musllinux_1_2_i686.whl", hash = "sha256:e3e53c588164dc025b671c9df2462429d60357ea91af7e92e9d56c565a9f1b07", size = 10850074, upload-time = "2026-04-09T14:06:16.581Z" },
    { url = "https://files.pythonhosted.org/packages/11/08/874da392558ce087a0f9b709dc6ec0d60cbc694c1c772dab8d5f31efe8cb/ruff-0.15.10-py3-none-musllinux_1_2_x86_64.whl", hash = "sha256:b0c52744cf9f143a393e284125d2576140b68264a93c6716464e129a3e9adb48", size = 11358051, upload-time = "2026-04-09T14:06:18.948Z" },
    { url = "https://files.pythonhosted.org/packages/e4/46/602938f030adfa043e67112b73821024dc79f3ab4df5474c25fa4c1d2d14/ruff-0.15.10-py3-none-win32.whl", hash = "sha256:d4272e87e801e9a27a2e8df7b21011c909d9ddd82f4f3281d269b6ba19789ca5", size = 10588964, upload-time = "2026-04-09T14:06:07.14Z" },
    { url = "https://files.pythonhosted.org/packages/25/b6/261225b875d7a13b33a6d02508c39c28450b2041bb01d0f7f1a83d569512/ruff-0.15.10-py3-none-win_amd64.whl", hash = "sha256:28cb32d53203242d403d819fd6983152489b12e4a3ae44993543d6fe62ab42ed", size = 11745044, upload-time = "2026-04-09T14:05:39.473Z" },
    { url = "https://files.pythonhosted.org/packages/58/ed/dea90a65b7d9e69888890fb14c90d7f51bf0c1e82ad800aeb0160e4bacfd/ruff-0.15.10-py3-none-win_arm64.whl", hash = "sha256:601d1610a9e1f1c2165a4f561eeaa2e2ea1e97f3287c5aa258d3dab8b57c6188", size = 11035607, upload-time = "2026-04-09T14:05:47.593Z" },
]

[[package]]
name = "sqlparse"
version = "0.5.5"
source = { registry = "https://pypi.org/simple" }
sdist = { url = "https://files.pythonhosted.org/packages/90/76/437d71068094df0726366574cf3432a4ed754217b436eb7429415cf2d480/sqlparse-0.5.5.tar.gz", hash = "sha256:e20d4a9b0b8585fdf63b10d30066c7c94c5d7a7ec47c889a2d83a3caa93ff28e", size = 120815, upload-time = "2025-12-19T07:17:45.073Z" }
wheels = [
    { url = "https://files.pythonhosted.org/packages/49/4b/359f28a903c13438ef59ebeee215fb25da53066db67b305c125f1c6d2a25/sqlparse-0.5.5-py3-none-any.whl", hash = "sha256:12a08b3bf3eec877c519589833aed092e2444e68240a3577e8e26148acc7b1ba", size = 46138, upload-time = "2025-12-19T07:17:46.573Z" },
]

[[package]]
name = "ty"
version = "0.0.31"
source = { registry = "https://pypi.org/simple" }
sdist = { url = "https://files.pythonhosted.org/packages/31/cc/5ea5d3a72216c8c2bf77d83066dd4f3553532d0aacc03d4a8397dd9845e1/ty-0.0.31.tar.gz", hash = "sha256:4a4094292d9671caf3b510c7edf36991acd9c962bb5d97205374ffed9f541c45", size = 5516619, upload-time = "2026-04-15T15:47:59.87Z" }
wheels = [
    { url = "https://files.pythonhosted.org/packages/b0/10/ea805cbbd75d5d50792551a2b383de8521eeab0c44f38c73e12819ced65e/ty-0.0.31-py3-none-linux_armv6l.whl", hash = "sha256:761651dc17ad7bc0abfc1b04b3f0e84df263ed435d34f29760b3da739ab02d35", size = 10834749, upload-time = "2026-04-15T15:48:14.877Z" },
    { url = "https://files.pythonhosted.org/packages/d9/4c/fabf951850401d24d36b21bced088a366c6827e1c37dab4523afff84c4b2/ty-0.0.31-py3-none-macosx_10_12_x86_64.whl", hash = "sha256:c529922395a07231c27488f0290651e05d27d149f7e0aa807678f1f7e9c58a5e", size = 10626012, upload-time = "2026-04-15T15:48:22.554Z" },
    { url = "https://files.pythonhosted.org/packages/04/b0/4a5aff88d2544f19514a59c8f693d63144aa7307fe2ee5df608333ab5460/ty-0.0.31-py3-none-macosx_11_0_arm64.whl", hash = "sha256:5f345df2b87d747859e72c2cbc9be607ea1bbc8bc93dd32fa3d03ea091cb4fee", size = 10075790, upload-time = "2026-04-15T15:47:46.959Z" },
    { url = "https://files.pythonhosted.org/packages/d5/73/9d4dcad12cd4e85274014f2c0510ef93f590b2a1e5148de3a9f276098dad/ty-0.0.31-py3-none-manylinux_2_17_aarch64.manylinux2014_aarch64.whl", hash = "sha256:d4b207eddcfbafd376132689d3435b14efcb531289cb59cd961c6a611133bd54", size = 10590286, upload-time = "2026-04-15T15:48:06.222Z" },
    { url = "https://files.pythonhosted.org/packages/47/45/fe40adde18692359ded174ae7ddbfac056e876eb0f43b65be74fde7f6072/ty-0.0.31-py3-none-manylinux_2_17_armv7l.manylinux2014_armv7l.whl", hash = "sha256:663778b220f357067488ce68bfc52335ccbd161549776f70dcbde6bbde82f77a", size = 10623824, upload-time = "2026-04-15T15:48:12.965Z" },
    { url = "https://files.pythonhosted.org/packages/2e/e8/0ffa2e09b548e6daa9ebc368d68b767dc2405ca4cbeadb7ede0e2cb21059/ty-0.0.31-py3-none-manylinux_2_17_i686.manylinux2014_i686.whl", hash = "sha256:3506cfe87dfade0fb2960dd4fffd4fd8089003587b3445c0a1a295c9d83764fb", size = 11156864, upload-time = "2026-04-15T15:48:08.473Z" },
    { url = "https://files.pythonhosted.org/packages/08/e9/fd44c2075115d569593ee9473d7e2a38b750fd7e783421c95eb528c15df5/ty-0.0.31-py3-none-manylinux_2_17_ppc64le.manylinux2014_ppc64le.whl", hash = "sha256:8b3f3d8492f08e81916026354c1d1599e9ddfa1241804141a74d5662fc710085", size = 11696401, upload-time = "2026-04-15T15:48:17.355Z" },
    { url = "https://files.pythonhosted.org/packages/4e/50/35aad8eadf964d23e2a4faa5b38a206aa85c78833c8ce335dddd2c34ba63/ty-0.0.31-py3-none-manylinux_2_17_s390x.manylinux2014_s390x.whl", hash = "sha256:a97de32ee6a619393a4c495e056a1c547de7877510f3152e61345c71d774d2d0", size = 11374903, upload-time = "2026-04-15T15:47:55.893Z" },
    { url = "https://files.pythonhosted.org/packages/c8/37/01eccd25d23f5aaa7f7ff1a87b5b215469f6b202cf689a1812b71c1e7f6b/ty-0.0.31-py3-none-manylinux_2_17_x86_64.manylinux2014_x86_64.whl", hash = "sha256:c906354ce441e342646582bc9b8f48a676f79f3d061e25de15ff870e015ca14e", size = 11206624, upload-time = "2026-04-15T15:47:51.778Z" },
    { url = "https://files.pythonhosted.org/packages/f4/70/baad2914cb097453f127a221f8addb2b41926098059cd773c75e6a662fc4/ty-0.0.31-py3-none-musllinux_1_2_aarch64.whl", hash = "sha256:275bb7c82afcbf89fe2dbef1b2692f2bc98451f1ee2c8eb809ddd91317822388", size = 10575089, upload-time = "2026-04-15T15:47:49.448Z" },
    { url = "https://files.pythonhosted.org/packages/83/12/bae3a7bba2e785eb72ce00f9da70eedcb8c5e8299efecbd16e6e436abd82/ty-0.0.31-py3-none-musllinux_1_2_armv7l.whl", hash = "sha256:405da247027c6efd1e264886b6ac4a86ab3a4f09200b02e33630efe85f119e53", size = 10642315, upload-time = "2026-04-15T15:48:19.661Z" },
    { url = "https://files.pythonhosted.org/packages/93/9e/cad04d5d839bc60355cea98c7e09d724ea65f47184def0fae8b90dc54591/ty-0.0.31-py3-none-musllinux_1_2_i686.whl", hash = "sha256:54d9835608eed196853d6643f645c50ce83bcc7fe546cdb3e210c1bcf7c58c09", size = 10834473, upload-time = "2026-04-15T15:48:02.091Z" },
    { url = "https://files.pythonhosted.org/packages/e3/ba/84112d280182d37690d3d2b4018b2667e42bc281585e607015635310016a/ty-0.0.31-py3-none-musllinux_1_2_x86_64.whl", hash = "sha256:5ee11be9b07e8c0c6b455ff075a0abe4f194de9476f57624db98eec9df618355", size = 11315785, upload-time = "2026-04-15T15:48:10.754Z" },
    { url = "https://files.pythonhosted.org/packages/50/9f/ac42dc223d7e0950e97a1854567a8b3e7fe09ad7375adbf91bfb43290482/ty-0.0.31-py3-none-win32.whl", hash = "sha256:7286587aacf3eef0956062d6492b893b02f82b0f22c5e230008e13ff0d216a8b", size = 10187657, upload-time = "2026-04-15T15:48:04.264Z" },
    { url = "https://files.pythonhosted.org/packages/75/3e/57ba7ea7ecb2f4751644ba91756e2be70e33ef5952c0c41a256a0e4c2437/ty-0.0.31-py3-none-win_amd64.whl", hash = "sha256:81134e25d2a2562ab372f24de8f9bd05034d27d30377a5d7540f259791c6234c", size = 11205258, upload-time = "2026-04-15T15:47:53.759Z" },
    { url = "https://files.pythonhosted.org/packages/88/39/bca669095ccf0a400af941fdf741578d4c2d6719f1b7f10e6dbec10aa862/ty-0.0.31-py3-none-win_arm64.whl", hash = "sha256:e9cb15fad26545c6a608f40f227af3a5513cb376998ca6feddd47ca7d93ffafa", size = 10590392, upload-time = "2026-04-15T15:47:57.968Z" },
]

[[package]]
name = "typing-extensions"
version = "4.15.0"
source = { registry = "https://pypi.org/simple" }
sdist = { url = "https://files.pythonhosted.org/packages/72/94/1a15dd82efb362ac84269196e94cf00f187f7ed21c242792a923cdb1c61f/typing_extensions-4.15.0.tar.gz", hash = "sha256:0cea48d173cc12fa28ecabc3b837ea3cf6f38c6d1136f85cbaaf598984861466", size = 109391, upload-time = "2025-08-25T13:49:26.313Z" }
wheels = [
    { url = "https://files.pythonhosted.org/packages/18/67/36e9267722cc04a6b9f15c7f3441c2363321a3ea07da7ae0c0707beb2a9c/typing_extensions-4.15.0-py3-none-any.whl", hash = "sha256:f0fa19c6845758ab08074a0cfa8b7aecb71c999ca73d62883bc25cc018c4e548", size = 44614, upload-time = "2025-08-25T13:49:24.86Z" },
]

[[package]]
name = "tzdata"
version = "2026.1"
source = { registry = "https://pypi.org/simple" }
sdist = { url = "https://files.pythonhosted.org/packages/19/f5/cd531b2d15a671a40c0f66cf06bc3570a12cd56eef98960068ebbad1bf5a/tzdata-2026.1.tar.gz", hash = "sha256:67658a1903c75917309e753fdc349ac0efd8c27db7a0cb406a25be4840f87f98", size = 197639, upload-time = "2026-04-03T11:25:22.002Z" }
wheels = [
    { url = "https://files.pythonhosted.org/packages/b0/70/d460bd685a170790ec89317e9bd33047988e4bce507b831f5db771e142de/tzdata-2026.1-py2.py3-none-any.whl", hash = "sha256:4b1d2be7ac37ceafd7327b961aa3a54e467efbdb563a23655fbfe0d39cfc42a9", size = 348952, upload-time = "2026-04-03T11:25:20.313Z" },
]
